
Microsoft Visual Studio Solution File, Format Version 12.00
# Visual Studio Version 16
VisualStudioVersion = 16.0.31205.134
MinimumVisualStudioVersion = 10.0.40219.1
Project("{2150E333-8FDC-42A3-9474-1A3956D46DE8}") = "2.FrontEnd", "2.FrontEnd", "{B9506AC6-3A64-420A-8E25-73CB7B41C29B}"
EndProject
Project("{2150E333-8FDC-42A3-9474-1A3956D46DE8}") = "1.Services", "1.Services", "{9133B4D1-C82D-4BB2-8F2D-28DCB8C0C05D}"
EndProject
Project("{2150E333-8FDC-42A3-9474-1A3956D46DE8}") = "1.1 SystemParameters", "1.1 SystemParameters", "{2C5BA7CD-A359-4264-9517-A0A723EEBE93}"
EndProject
Project("{2150E333-8FDC-42A3-9474-1A3956D46DE8}") = "1.3 Articles", "1.3 Articles", "{FF8D13D8-7FFC-4DB4-8FC0-A2BD150F5BBD}"
EndProject
Project("{2150E333-8FDC-42A3-9474-1A3956D46DE8}") = "1.2 SystemUsers", "1.2 SystemUsers", "{5CC76F25-6128-41E1-A70B-84EDB71F57A0}"
EndProject
Project("{9A19103F-16F7-4668-BE54-9A1E7A4F7556}") = "RDC.WebApp", "RDC.WebApp\RDC.WebApp.csproj", "{2043DB0C-6D86-4C65-83D5-9789E05A0D36}"
EndProject
Project("{9A19103F-16F7-4668-BE54-9A1E7A4F7556}") = "RDC.API.SystemUsers", "RDC.API.SystemUsers\RDC.API.SystemUsers.csproj", "{305300FB-7522-4E0E-8097-A6170FAD3E9F}"
EndProject
Project("{9A19103F-16F7-4668-BE54-9A1E7A4F7556}") = "RDC.API.Articles", "RDC.API.Articles\RDC.API.Articles.csproj", "{7AE0F440-6996-46F6-8112-E5957268811E}"
EndProject
Project("{9A19103F-16F7-4668-BE54-9A1E7A4F7556}") = "RDC.API.SystemParameters", "RDC.API.SystemParameters\RDC.API.SystemParameters.csproj", "{3B647800-8B79-4D40-9FF3-AB582D638724}"
EndProject
Project("{2150E333-8FDC-42A3-9474-1A3956D46DE8}") = "0.Common", "0.Common", "{9E36491C-248C-4668-9501-55907750ABF1}"
EndProject
Project("{FAE04EC0-301F-11D3-BF4B-00C04F79EFBC}") = "RDC.API.Common", "RDC.API.Common\RDC.API.Common.csproj", "{2D7D93B2-E84F-4F3E-AF4A-4F59ACA03D2C}"
EndProject
Global
	GlobalSection(SolutionConfigurationPlatforms) = preSolution
		Debug|Any CPU = Debug|Any CPU
		Release|Any CPU = Release|Any CPU
	EndGlobalSection
	GlobalSection(ProjectConfigurationPlatforms) = postSolution
		{2043DB0C-6D86-4C65-83D5-9789E05A0D36}.Debug|Any CPU.ActiveCfg = Debug|Any CPU
		{2043DB0C-6D86-4C65-83D5-9789E05A0D36}.Debug|Any CPU.Build.0 = Debug|Any CPU
		{2043DB0C-6D86-4C65-83D5-9789E05A0D36}.Release|Any CPU.ActiveCfg = Release|Any CPU
		{2043DB0C-6D86-4C65-83D5-9789E05A0D36}.Release|Any CPU.Build.0 = Release|Any CPU
		{305300FB-7522-4E0E-8097-A6170FAD3E9F}.Debug|Any CPU.ActiveCfg = Debug|Any CPU
		{305300FB-7522-4E0E-8097-A6170FAD3E9F}.Debug|Any CPU.Build.0 = Debug|Any CPU
		{305300FB-7522-4E0E-8097-A6170FAD3E9F}.Release|Any CPU.ActiveCfg = Release|Any CPU
		{305300FB-7522-4E0E-8097-A6170FAD3E9F}.Release|Any CPU.Build.0 = Release|Any CPU
		{7AE0F440-6996-46F6-8112-E5957268811E}.Debug|Any CPU.ActiveCfg = Debug|Any CPU
		{7AE0F440-6996-46F6-8112-E5957268811E}.Debug|Any CPU.Build.0 = Debug|Any CPU
		{7AE0F440-6996-46F6-8112-E5957268811E}.Release|Any CPU.ActiveCfg = Release|Any CPU
		{7AE0F440-6996-46F6-8112-E5957268811E}.Release|Any CPU.Build.0 = Release|Any CPU
		{3B647800-8B79-4D40-9FF3-AB582D638724}.Debug|Any CPU.ActiveCfg = Debug|Any CPU
		{3B647800-8B79-4D40-9FF3-AB582D638724}.Debug|Any CPU.Build.0 = Debug|Any CPU
		{3B647800-8B79-4D40-9FF3-AB582D638724}.Release|Any CPU.ActiveCfg = Release|Any CPU
		{3B647800-8B79-4D40-9FF3-AB582D638724}.Release|Any CPU.Build.0 = Release|Any CPU
		{2D7D93B2-E84F-4F3E-AF4A-4F59ACA03D2C}.Debug|Any CPU.ActiveCfg = Debug|Any CPU
		{2D7D93B2-E84F-4F3E-AF4A-4F59ACA03D2C}.Debug|Any CPU.Build.0 = Debug|Any CPU
		{2D7D93B2-E84F-4F3E-AF4A-4F59ACA03D2C}.Release|Any CPU.ActiveCfg = Release|Any CPU
		{2D7D93B2-E84F-4F3E-AF4A-4F59ACA03D2C}.Release|Any CPU.Build.0 = Release|Any CPU
	EndGlobalSection
	GlobalSection(SolutionProperties) = preSolution
		HideSolutionNode = FALSE
	EndGlobalSection
	GlobalSection(NestedProjects) = preSolution
		{2C5BA7CD-A359-4264-9517-A0A723EEBE93} = {9133B4D1-C82D-4BB2-8F2D-28DCB8C0C05D}
		{FF8D13D8-7FFC-4DB4-8FC0-A2BD150F5BBD} = {9133B4D1-C82D-4BB2-8F2D-28DCB8C0C05D}
		{5CC76F25-6128-41E1-A70B-84EDB71F57A0} = {9133B4D1-C82D-4BB2-8F2D-28DCB8C0C05D}
		{2043DB0C-6D86-4C65-83D5-9789E05A0D36} = {B9506AC6-3A64-420A-8E25-73CB7B41C29B}
		{305300FB-7522-4E0E-8097-A6170FAD3E9F} = {5CC76F25-6128-41E1-A70B-84EDB71F57A0}
		{7AE0F440-6996-46F6-8112-E5957268811E} = {FF8D13D8-7FFC-4DB4-8FC0-A2BD150F5BBD}
		{3B647800-8B79-4D40-9FF3-AB582D638724} = {2C5BA7CD-A359-4264-9517-A0A723EEBE93}
		{2D7D93B2-E84F-4F3E-AF4A-4F59ACA03D2C} = {9E36491C-248C-4668-9501-55907750ABF1}
	EndGlobalSection
	GlobalSection(ExtensibilityGlobals) = postSolution
		SolutionGuid = {D3B6E7EC-6F97-44D2-B088-033C1CE67C6C}
	EndGlobalSection
EndGlobal
